
Microsoft Visual Studio Solution File, Format Version 12.00
# Visual Studio Version 16
VisualStudioVersion = 16.0.29319.158
MinimumVisualStudioVersion = 10.0.40219.1
Project("{2150E333-8FDC-42A3-9474-1A3956D46DE8}") = "Solution Items", "Solution Items", "{4D998292-AC86-419F-B2E0-B037328717C9}"
	ProjectSection(SolutionItems) = preProject
		.editorconfig = .editorconfig
		CONTRIBUTE = CONTRIBUTE
		LICENSE = LICENSE
		README.md = README.md
		SUPPORT = SUPPORT
	EndProjectSection
EndProject
Project("{FAE04EC0-301F-11D3-BF4B-00C04F79EFBC}") = "angular-portal-azure", "angular-portal-azure\angular-portal-azure.csproj", "{25F41A47-257C-441E-AADD-8FF4D60F7691}"
EndProject
Project("{FAE04EC0-301F-11D3-BF4B-00C04F79EFBC}") = "angular-portal-azure.sample-1", "angular-portal-azure.sample-1\angular-portal-azure.sample-1.csproj", "{0D6F13EC-7B00-4FCE-8212-666814B57970}"
EndProject
Project("{2150E333-8FDC-42A3-9474-1A3956D46DE8}") = "2018-03", "2018-03", "{C005CED3-40FA-4BAD-B9F3-AEDEFE43AF6C}"
EndProject
Project("{2150E333-8FDC-42A3-9474-1A3956D46DE8}") = "Current", "Current", "{02C13513-8126-46ED-AC86-E41A998A1570}"
EndProject
Project("{2150E333-8FDC-42A3-9474-1A3956D46DE8}") = "2018-12", "2018-12", "{D873ACA2-D6C4-4F53-9246-167B22948605}"
EndProject
Project("{2150E333-8FDC-42A3-9474-1A3956D46DE8}") = "2019-09", "2019-09", "{E1718E67-3723-4464-8251-61C814B5705A}"
EndProject
Project("{2150E333-8FDC-42A3-9474-1A3956D46DE8}") = "2020-07", "2020-07", "{90078107-44FC-416F-975D-801C3A0BAF92}"
EndProject
Project("{9A19103F-16F7-4668-BE54-9A1E7A4F7556}") = "angular-portal-azure-2020-06", "angular-portal-azure-2020-06\angular-portal-azure-2020-06.csproj", "{6837B5C8-A048-444F-AD14-D7D13C73F473}"
EndProject
Global
	GlobalSection(SolutionConfigurationPlatforms) = preSolution
		Debug|Any CPU = Debug|Any CPU
		Release|Any CPU = Release|Any CPU
	EndGlobalSection
	GlobalSection(ProjectConfigurationPlatforms) = postSolution
		{25F41A47-257C-441E-AADD-8FF4D60F7691}.Debug|Any CPU.ActiveCfg = Debug|Any CPU
		{25F41A47-257C-441E-AADD-8FF4D60F7691}.Debug|Any CPU.Build.0 = Debug|Any CPU
		{25F41A47-257C-441E-AADD-8FF4D60F7691}.Release|Any CPU.ActiveCfg = Release|Any CPU
		{25F41A47-257C-441E-AADD-8FF4D60F7691}.Release|Any CPU.Build.0 = Release|Any CPU
		{0D6F13EC-7B00-4FCE-8212-666814B57970}.Debug|Any CPU.ActiveCfg = Debug|Any CPU
		{0D6F13EC-7B00-4FCE-8212-666814B57970}.Debug|Any CPU.Build.0 = Debug|Any CPU
		{0D6F13EC-7B00-4FCE-8212-666814B57970}.Release|Any CPU.ActiveCfg = Release|Any CPU
		{0D6F13EC-7B00-4FCE-8212-666814B57970}.Release|Any CPU.Build.0 = Release|Any CPU
		{6837B5C8-A048-444F-AD14-D7D13C73F473}.Debug|Any CPU.ActiveCfg = Debug|Any CPU
		{6837B5C8-A048-444F-AD14-D7D13C73F473}.Debug|Any CPU.Build.0 = Debug|Any CPU
		{6837B5C8-A048-444F-AD14-D7D13C73F473}.Release|Any CPU.ActiveCfg = Release|Any CPU
		{6837B5C8-A048-444F-AD14-D7D13C73F473}.Release|Any CPU.Build.0 = Release|Any CPU
	EndGlobalSection
	GlobalSection(SolutionProperties) = preSolution
		HideSolutionNode = FALSE
	EndGlobalSection
	GlobalSection(NestedProjects) = preSolution
		{25F41A47-257C-441E-AADD-8FF4D60F7691} = {02C13513-8126-46ED-AC86-E41A998A1570}
		{0D6F13EC-7B00-4FCE-8212-666814B57970} = {02C13513-8126-46ED-AC86-E41A998A1570}
		{6837B5C8-A048-444F-AD14-D7D13C73F473} = {90078107-44FC-416F-975D-801C3A0BAF92}
	EndGlobalSection
	GlobalSection(ExtensibilityGlobals) = postSolution
		SolutionGuid = {00D17A87-9500-4F30-9160-072C8BC04A7B}
	EndGlobalSection
EndGlobal
